{
  "version": 4,
  "terraform_version": "1.14.3",
  "serial": 1,
  "lineage": "70ae6a21-ab59-7302-ac58-5e1535ad37e3",
  "outputs": {},
  "resources": [
    {
      "mode": "managed",
      "type": "local_file",
      "name": "example",
      "provider": "provider[\"registry.terraform.io/hashicorp/local\"]",
      "instances": [
        {
          "schema_version": 0,
          "attributes": {
            "content": "Terraform workflow proof",
            "content_base64": null,
            "content_base64sha256": "t6/fdK+gyCoASfklr04H9RMzGoc4UnTcs87kRKYxMUc=",
            "content_base64sha512": "UxMmL+2ci7GG96+TsbA0XPCq0X7vjI/OdkZ66QghfZQ4CaIHvD5mjehpVTMoCbw8b3+e9uwEivS5kK3k/hho2Q==",
            "content_md5": "126a71dce81470173dde3265c4d7decb",
            "content_sha1": "a5a3ed3728dbc7fe49663d638be3d36bdf4f755a",
            "content_sha256": "b7afdf74afa0c82a0049f925af4e07f513331a87385274dcb3cee444a6313147",
            "content_sha512": "5313262fed9c8bb186f7af93b1b0345cf0aad17eef8c8fce76467ae908217d943809a207bc3e668de86955332809bc3c6f7f9ef6ec048af4b990ade4fe1868d9",
            "directory_permission": "0777",
            "file_permission": "0777",
            "filename": "example.txt",
            "id": "a5a3ed3728dbc7fe49663d638be3d36bdf4f755a",
            "sensitive_content": null,
            "source": null
          },
          "sensitive_attributes": [
            [
              {
                "type": "get_attr",
                "value": "sensitive_content"
              }
            ]
          ],
          "identity_schema_version": 0
        }
      ]
    }
  ],
  "check_results": null
}
